
Microsoft Visual Studio Solution File, Format Version 12.00
# Visual Studio Version 16
VisualStudioVersion = 16.0.30711.63
MinimumVisualStudioVersion = 10.0.40219.1
Project("{FAE04EC0-301F-11D3-BF4B-00C04F79EFBC}") = "ASCII art", "ASCII art\ASCII art.csproj", "{E3639A30-CFDC-4D30-BC2E-F3D095E773E0}"
EndProject
Global
	GlobalSection(SolutionConfigurationPlatforms) = preSolution
		Debug|Any CPU = Debug|Any CPU
		Release|Any CPU = Release|Any CPU
	EndGlobalSection
	GlobalSection(ProjectConfigurationPlatforms) = postSolution
		{E3639A30-CFDC-4D30-BC2E-F3D095E773E0}.Debug|Any CPU.ActiveCfg = Debug|Any CPU
		{E3639A30-CFDC-4D30-BC2E-F3D095E773E0}.Debug|Any CPU.Build.0 = Debug|Any CPU
		{E3639A30-CFDC-4D30-BC2E-F3D095E773E0}.Release|Any CPU.ActiveCfg = Release|Any CPU
		{E3639A30-CFDC-4D30-BC2E-F3D095E773E0}.Release|Any CPU.Build.0 = Release|Any CPU
	EndGlobalSection
	GlobalSection(SolutionProperties) = preSolution
		HideSolutionNode = FALSE
	EndGlobalSection
	GlobalSection(ExtensibilityGlobals) = postSolution
		SolutionGuid = {9A4A825A-3B13-449D-B243-A513393CF9CB}
	EndGlobalSection
EndGlobal
